
Microsoft Visual Studio Solution File, Format Version 12.00
# Visual Studio 15
VisualStudioVersion = 15.0.27703.2035
MinimumVisualStudioVersion = 10.0.40219.1
Project("{FAE04EC0-301F-11D3-BF4B-00C04F79EFBC}") = "flayway", "flayway\flayway.csproj", "{C6C64707-E04E-49C2-A77D-A6F7A4AA1440}"
EndProject
Project("{2150E333-8FDC-42A3-9474-1A3956D46DE8}") = "Model", "Model", "{9557352B-1E10-4CA6-99D0-970991E2F755}"
EndProject
Project("{2150E333-8FDC-42A3-9474-1A3956D46DE8}") = "SQL", "SQL", "{9F79B8F2-5B40-4D46-A5F9-F9B7766AE8BE}"
EndProject
Project("{FAE04EC0-301F-11D3-BF4B-00C04F79EFBC}") = "Create_database_flyWay.sql", "Create_database_flyWay.sql\Create_database_flyWay.sql.csproj", "{DDBB22D9-FF0A-4B2D-968F-0AB9D53CC882}"
EndProject
Global
	GlobalSection(SolutionConfigurationPlatforms) = preSolution
		Debug|Any CPU = Debug|Any CPU
		Debug|ARM = Debug|ARM
		Debug|x64 = Debug|x64
		Debug|x86 = Debug|x86
		Release|Any CPU = Release|Any CPU
		Release|ARM = Release|ARM
		Release|x64 = Release|x64
		Release|x86 = Release|x86
	EndGlobalSection
	GlobalSection(ProjectConfigurationPlatforms) = postSolution
		{C6C64707-E04E-49C2-A77D-A6F7A4AA1440}.Debug|Any CPU.ActiveCfg = Debug|Any CPU
		{C6C64707-E04E-49C2-A77D-A6F7A4AA1440}.Debug|Any CPU.Build.0 = Debug|Any CPU
		{C6C64707-E04E-49C2-A77D-A6F7A4AA1440}.Debug|ARM.ActiveCfg = Debug|Any CPU
		{C6C64707-E04E-49C2-A77D-A6F7A4AA1440}.Debug|ARM.Build.0 = Debug|Any CPU
		{C6C64707-E04E-49C2-A77D-A6F7A4AA1440}.Debug|x64.ActiveCfg = Debug|Any CPU
		{C6C64707-E04E-49C2-A77D-A6F7A4AA1440}.Debug|x64.Build.0 = Debug|Any CPU
		{C6C64707-E04E-49C2-A77D-A6F7A4AA1440}.Debug|x86.ActiveCfg = Debug|Any CPU
		{C6C64707-E04E-49C2-A77D-A6F7A4AA1440}.Debug|x86.Build.0 = Debug|Any CPU
		{C6C64707-E04E-49C2-A77D-A6F7A4AA1440}.Release|Any CPU.ActiveCfg = Release|Any CPU
		{C6C64707-E04E-49C2-A77D-A6F7A4AA1440}.Release|Any CPU.Build.0 = Release|Any CPU
		{C6C64707-E04E-49C2-A77D-A6F7A4AA1440}.Release|ARM.ActiveCfg = Release|Any CPU
		{C6C64707-E04E-49C2-A77D-A6F7A4AA1440}.Release|ARM.Build.0 = Release|Any CPU
		{C6C64707-E04E-49C2-A77D-A6F7A4AA1440}.Release|x64.ActiveCfg = Release|Any CPU
		{C6C64707-E04E-49C2-A77D-A6F7A4AA1440}.Release|x64.Build.0 = Release|Any CPU
		{C6C64707-E04E-49C2-A77D-A6F7A4AA1440}.Release|x86.ActiveCfg = Release|Any CPU
		{C6C64707-E04E-49C2-A77D-A6F7A4AA1440}.Release|x86.Build.0 = Release|Any CPU
		{DDBB22D9-FF0A-4B2D-968F-0AB9D53CC882}.Debug|Any CPU.ActiveCfg = Debug|x86
		{DDBB22D9-FF0A-4B2D-968F-0AB9D53CC882}.Debug|ARM.ActiveCfg = Debug|ARM
		{DDBB22D9-FF0A-4B2D-968F-0AB9D53CC882}.Debug|ARM.Build.0 = Debug|ARM
		{DDBB22D9-FF0A-4B2D-968F-0AB9D53CC882}.Debug|ARM.Deploy.0 = Debug|ARM
		{DDBB22D9-FF0A-4B2D-968F-0AB9D53CC882}.Debug|x64.ActiveCfg = Debug|x64
		{DDBB22D9-FF0A-4B2D-968F-0AB9D53CC882}.Debug|x64.Build.0 = Debug|x64
		{DDBB22D9-FF0A-4B2D-968F-0AB9D53CC882}.Debug|x64.Deploy.0 = Debug|x64
		{DDBB22D9-FF0A-4B2D-968F-0AB9D53CC882}.Debug|x86.ActiveCfg = Debug|x86
		{DDBB22D9-FF0A-4B2D-968F-0AB9D53CC882}.Debug|x86.Build.0 = Debug|x86
		{DDBB22D9-FF0A-4B2D-968F-0AB9D53CC882}.Debug|x86.Deploy.0 = Debug|x86
		{DDBB22D9-FF0A-4B2D-968F-0AB9D53CC882}.Release|Any CPU.ActiveCfg = Release|x86
		{DDBB22D9-FF0A-4B2D-968F-0AB9D53CC882}.Release|ARM.ActiveCfg = Release|ARM
		{DDBB22D9-FF0A-4B2D-968F-0AB9D53CC882}.Release|ARM.Build.0 = Release|ARM
		{DDBB22D9-FF0A-4B2D-968F-0AB9D53CC882}.Release|ARM.Deploy.0 = Release|ARM
		{DDBB22D9-FF0A-4B2D-968F-0AB9D53CC882}.Release|x64.ActiveCfg = Release|x64
		{DDBB22D9-FF0A-4B2D-968F-0AB9D53CC882}.Release|x64.Build.0 = Release|x64
		{DDBB22D9-FF0A-4B2D-968F-0AB9D53CC882}.Release|x64.Deploy.0 = Release|x64
		{DDBB22D9-FF0A-4B2D-968F-0AB9D53CC882}.Release|x86.ActiveCfg = Release|x86
		{DDBB22D9-FF0A-4B2D-968F-0AB9D53CC882}.Release|x86.Build.0 = Release|x86
		{DDBB22D9-FF0A-4B2D-968F-0AB9D53CC882}.Release|x86.Deploy.0 = Release|x86
	EndGlobalSection
	GlobalSection(SolutionProperties) = preSolution
		HideSolutionNode = FALSE
	EndGlobalSection
	GlobalSection(NestedProjects) = preSolution
		{9F79B8F2-5B40-4D46-A5F9-F9B7766AE8BE} = {9557352B-1E10-4CA6-99D0-970991E2F755}
		{DDBB22D9-FF0A-4B2D-968F-0AB9D53CC882} = {9F79B8F2-5B40-4D46-A5F9-F9B7766AE8BE}
	EndGlobalSection
	GlobalSection(ExtensibilityGlobals) = postSolution
		SolutionGuid = {3E4141AF-8732-4187-A0C9-FC55F8DC219B}
	EndGlobalSection
EndGlobal
