
Microsoft Visual Studio Solution File, Format Version 12.00
# Visual Studio 15
VisualStudioVersion = 15.0.27703.2035
MinimumVisualStudioVersion = 10.0.40219.1
Project("{FAE04EC0-301F-11D3-BF4B-00C04F79EFBC}") = "CalcularArea", "CalcularArea\CalcularArea.csproj", "{5FC55AC3-97DC-4B19-AE34-D972385D24E8}"
EndProject
Global
	GlobalSection(SolutionConfigurationPlatforms) = preSolution
		Debug|Any CPU = Debug|Any CPU
		Release|Any CPU = Release|Any CPU
	EndGlobalSection
	GlobalSection(ProjectConfigurationPlatforms) = postSolution
		{5FC55AC3-97DC-4B19-AE34-D972385D24E8}.Debug|Any CPU.ActiveCfg = Debug|Any CPU
		{5FC55AC3-97DC-4B19-AE34-D972385D24E8}.Debug|Any CPU.Build.0 = Debug|Any CPU
		{5FC55AC3-97DC-4B19-AE34-D972385D24E8}.Release|Any CPU.ActiveCfg = Release|Any CPU
		{5FC55AC3-97DC-4B19-AE34-D972385D24E8}.Release|Any CPU.Build.0 = Release|Any CPU
	EndGlobalSection
	GlobalSection(SolutionProperties) = preSolution
		HideSolutionNode = FALSE
	EndGlobalSection
	GlobalSection(ExtensibilityGlobals) = postSolution
		SolutionGuid = {C627B17D-05A6-4530-8259-87596D1064C7}
	EndGlobalSection
EndGlobal
