
Microsoft Visual Studio Solution File, Format Version 12.00
# Visual Studio 15
VisualStudioVersion = 15.0.27703.2035
MinimumVisualStudioVersion = 10.0.40219.1
Project("{FAE04EC0-301F-11D3-BF4B-00C04F79EFBC}") = "Universidad", "Universidad\Universidad.csproj", "{C46C2B5E-A8F9-4212-A961-5106C86390B7}"
EndProject
Project("{FAE04EC0-301F-11D3-BF4B-00C04F79EFBC}") = "Database", "Database\Database.csproj", "{AACCC2AE-CF7D-4F69-990B-0E79AA67E31B}"
EndProject
Global
	GlobalSection(SolutionConfigurationPlatforms) = preSolution
		Debug|Any CPU = Debug|Any CPU
		Release|Any CPU = Release|Any CPU
	EndGlobalSection
	GlobalSection(ProjectConfigurationPlatforms) = postSolution
		{C46C2B5E-A8F9-4212-A961-5106C86390B7}.Debug|Any CPU.ActiveCfg = Debug|Any CPU
		{C46C2B5E-A8F9-4212-A961-5106C86390B7}.Debug|Any CPU.Build.0 = Debug|Any CPU
		{C46C2B5E-A8F9-4212-A961-5106C86390B7}.Release|Any CPU.ActiveCfg = Release|Any CPU
		{C46C2B5E-A8F9-4212-A961-5106C86390B7}.Release|Any CPU.Build.0 = Release|Any CPU
		{AACCC2AE-CF7D-4F69-990B-0E79AA67E31B}.Debug|Any CPU.ActiveCfg = Debug|Any CPU
		{AACCC2AE-CF7D-4F69-990B-0E79AA67E31B}.Debug|Any CPU.Build.0 = Debug|Any CPU
		{AACCC2AE-CF7D-4F69-990B-0E79AA67E31B}.Release|Any CPU.ActiveCfg = Release|Any CPU
		{AACCC2AE-CF7D-4F69-990B-0E79AA67E31B}.Release|Any CPU.Build.0 = Release|Any CPU
	EndGlobalSection
	GlobalSection(SolutionProperties) = preSolution
		HideSolutionNode = FALSE
	EndGlobalSection
	GlobalSection(ExtensibilityGlobals) = postSolution
		SolutionGuid = {8EE99567-14E6-4EC0-98EC-0E2314132B61}
	EndGlobalSection
EndGlobal
