
Microsoft Visual Studio Solution File, Format Version 12.00
# Visual Studio 15
VisualStudioVersion = 15.0.27703.2035
MinimumVisualStudioVersion = 10.0.40219.1
Project("{FAE04EC0-301F-11D3-BF4B-00C04F79EFBC}") = "ConsoleApp1LeerContenidoArchivoConfig", "ConsoleApp1LeerContenidoArchivoConfig\ConsoleApp1LeerContenidoArchivoConfig.csproj", "{DD8DB7CC-C3D1-4AF3-8064-6D485075AEE0}"
EndProject
Global
	GlobalSection(SolutionConfigurationPlatforms) = preSolution
		Debug|Any CPU = Debug|Any CPU
		Release|Any CPU = Release|Any CPU
	EndGlobalSection
	GlobalSection(ProjectConfigurationPlatforms) = postSolution
		{DD8DB7CC-C3D1-4AF3-8064-6D485075AEE0}.Debug|Any CPU.ActiveCfg = Debug|Any CPU
		{DD8DB7CC-C3D1-4AF3-8064-6D485075AEE0}.Debug|Any CPU.Build.0 = Debug|Any CPU
		{DD8DB7CC-C3D1-4AF3-8064-6D485075AEE0}.Release|Any CPU.ActiveCfg = Release|Any CPU
		{DD8DB7CC-C3D1-4AF3-8064-6D485075AEE0}.Release|Any CPU.Build.0 = Release|Any CPU
	EndGlobalSection
	GlobalSection(SolutionProperties) = preSolution
		HideSolutionNode = FALSE
	EndGlobalSection
	GlobalSection(ExtensibilityGlobals) = postSolution
		SolutionGuid = {F27A8A2A-4C5D-4829-8A8C-59AEB72F075B}
	EndGlobalSection
EndGlobal
